Microsoft Visual Studio Solution File, Format Version 11.00
# Visual Studio 2008

Project("{E0CCA97E-A9CC-827D-A8B6-EB5940A1C63F}") = "ColorPickerDay2", "Assembly-CSharp.csproj", "{A3EAD572-3890-085A-BA67-7BEE63D663DE}"
EndProject
Global
	GlobalSection(SolutionConfigurationPlatforms) = preSolution
		Debug|Any CPU = Debug|Any CPU
		Release|Any CPU = Release|Any CPU
	EndGlobalSection
	GlobalSection(ProjectConfigurationPlatforms) = postSolution
		{A3EAD572-3890-085A-BA67-7BEE63D663DE}.Debug|Any CPU.ActiveCfg = Debug|Any CPU
		{A3EAD572-3890-085A-BA67-7BEE63D663DE}.Debug|Any CPU.Build.0 = Debug|Any CPU
		{A3EAD572-3890-085A-BA67-7BEE63D663DE}.Release|Any CPU.ActiveCfg = Release|Any CPU
		{A3EAD572-3890-085A-BA67-7BEE63D663DE}.Release|Any CPU.Build.0 = Release|Any CPU
	EndGlobalSection
	GlobalSection(SolutionProperties) = preSolution
		HideSolutionNode = FALSE
	EndGlobalSection
	GlobalSection(MonoDevelopProperties) = preSolution
		StartupItem = Assembly-CSharp.csproj
	EndGlobalSection
EndGlobal
